// !$*UTF8*$!
{
	archiveVersion = 1;
	classes = {
	};
	objectVersion = 54;
	objects = {

/* Begin PBXBuildFile section */
		84A2A5B822ADE43900A088D5 /* KeyAttributeValueTests.swift in Sources */ = {isa = PBXBuildFile; fileRef = 84A2A5B722ADE43900A088D5 /* KeyAttributeValueTests.swift */; };
		84A2A5BC22AE011600A088D5 /* KeyAttributeSetTests.swift in Sources */ = {isa = PBXBuildFile; fileRef = 84A2A5BB22AE011600A088D5 /* KeyAttributeSetTests.swift */; };
		D90C60AC1DCAE56D00BE37A0 /* AppDelegate.swift in Sources */ = {isa = PBXBuildFile; fileRef = D90C60AB1DCAE56D00BE37A0 /* AppDelegate.swift */; };
		D90C60AE1DCAE56D00BE37A0 /* ViewController.swift in Sources */ = {isa = PBXBuildFile; fileRef = D90C60AD1DCAE56D00BE37A0 /* ViewController.swift */; };
		D90C60B11DCAE56D00BE37A0 /* Main.storyboard in Resources */ = {isa = PBXBuildFile; fileRef = D90C60AF1DCAE56D00BE37A0 /* Main.storyboard */; };
		D90C60B31DCAE56D00BE37A0 /* Assets.xcassets in Resources */ = {isa = PBXBuildFile; fileRef = D90C60B21DCAE56D00BE37A0 /* Assets.xcassets */; };
		D90C60B61DCAE56D00BE37A0 /* LaunchScreen.storyboard in Resources */ = {isa = PBXBuildFile; fileRef = D90C60B41DCAE56D00BE37A0 /* LaunchScreen.storyboard */; };
		D9329E3C2AA81AA000810B52 /* ASN1Tests.swift in Sources */ = {isa = PBXBuildFile; fileRef = D9329E3B2AA81AA000810B52 /* ASN1Tests.swift */; };
		D98091841D35EC81003D1D0B /* SudoKeyManagerTests.swift in Sources */ = {isa = PBXBuildFile; fileRef = D98091831D35EC81003D1D0B /* SudoKeyManagerTests.swift */; };
		D9939DFD1D641AB700DD3202 /* SecureKeyArchiveTests.swift in Sources */ = {isa = PBXBuildFile; fileRef = D9939DF91D641AB000DD3202 /* SecureKeyArchiveTests.swift */; };
		D9A4E0541DCAC0CA000F9960 /* MigrationTest.swift in Sources */ = {isa = PBXBuildFile; fileRef = D9A4E0531DCAC0CA000F9960 /* MigrationTest.swift */; };
		E2CAD91D2D36F3DB005E6731 /* SudoKeyManager in Frameworks */ = {isa = PBXBuildFile; productRef = E2CAD91C2D36F3DB005E6731 /* SudoKeyManager */; };
		E2CAD91F2D36F3E6005E6731 /* SudoKeyManager in Frameworks */ = {isa = PBXBuildFile; productRef = E2CAD91E2D36F3E6005E6731 /* SudoKeyManager */; };
/* End PBXBuildFile section */

/* Begin PBXContainerItemProxy section */
		D90C60BB1DCAE59B00BE37A0 /* PBXContainerItemProxy */ = {
			isa = PBXContainerItemProxy;
			containerPortal = D98091281D35EB61003D1D0B /* Project object */;
			proxyType = 1;
			remoteGlobalIDString = D90C60A81DCAE56D00BE37A0;
			remoteInfo = TestApp;
		};
/* End PBXContainerItemProxy section */

/* Begin PBXFileReference section */
		84A2A5AE22ADE23600A088D5 /* KeyAttributeName.swift */ = {isa = PBXFileReference; lastKnownFileType = sourcecode.swift; path = KeyAttributeName.swift; sourceTree = "<group>"; };
		84A2A5B022ADE33500A088D5 /* KeyAttributeValue.swift */ = {isa = PBXFileReference; lastKnownFileType = sourcecode.swift; path = KeyAttributeValue.swift; sourceTree = "<group>"; };
		84A2A5B722ADE43900A088D5 /* KeyAttributeValueTests.swift */ = {isa = PBXFileReference; lastKnownFileType = sourcecode.swift; path = KeyAttributeValueTests.swift; sourceTree = "<group>"; };
		84A2A5B922ADE8F500A088D5 /* KeyAttributeSet.swift */ = {isa = PBXFileReference; lastKnownFileType = sourcecode.swift; path = KeyAttributeSet.swift; sourceTree = "<group>"; };
		84A2A5BB22AE011600A088D5 /* KeyAttributeSetTests.swift */ = {isa = PBXFileReference; lastKnownFileType = sourcecode.swift; path = KeyAttributeSetTests.swift; sourceTree = "<group>"; };
		84A2A5BD22AE11FF00A088D5 /* KeyAttribute.swift */ = {isa = PBXFileReference; lastKnownFileType = sourcecode.swift; path = KeyAttribute.swift; sourceTree = "<group>"; };
		D90C60A91DCAE56D00BE37A0 /* TestApp.app */ = {isa = PBXFileReference; explicitFileType = wrapper.application; includeInIndex = 0; path = TestApp.app; sourceTree = BUILT_PRODUCTS_DIR; };
		D90C60AB1DCAE56D00BE37A0 /* AppDelegate.swift */ = {isa = PBXFileReference; lastKnownFileType = sourcecode.swift; path = AppDelegate.swift; sourceTree = "<group>"; };
		D90C60AD1DCAE56D00BE37A0 /* ViewController.swift */ = {isa = PBXFileReference; lastKnownFileType = sourcecode.swift; path = ViewController.swift; sourceTree = "<group>"; };
		D90C60B01DCAE56D00BE37A0 /* Base */ = {isa = PBXFileReference; lastKnownFileType = file.storyboard; name = Base; path = Base.lproj/Main.storyboard; sourceTree = "<group>"; };
		D90C60B21DCAE56D00BE37A0 /* Assets.xcassets */ = {isa = PBXFileReference; lastKnownFileType = folder.assetcatalog; path = Assets.xcassets; sourceTree = "<group>"; };
		D90C60B51DCAE56D00BE37A0 /* Base */ = {isa = PBXFileReference; lastKnownFileType = file.storyboard; name = Base; path = Base.lproj/LaunchScreen.storyboard; sourceTree = "<group>"; };
		D90C60B71DCAE56D00BE37A0 /* Info.plist */ = {isa = PBXFileReference; lastKnownFileType = text.plist.xml; path = Info.plist; sourceTree = "<group>"; };
		D9329E3B2AA81AA000810B52 /* ASN1Tests.swift */ = {isa = PBXFileReference; lastKnownFileType = sourcecode.swift; path = ASN1Tests.swift; sourceTree = "<group>"; };
		D94695221DC81B0C00967D17 /* MigrationManager.swift */ = {isa = PBXFileReference; fileEncoding = 4; lastKnownFileType = sourcecode.swift; path = MigrationManager.swift; sourceTree = "<group>"; };
		D94695251DC81B1E00967D17 /* MigrationOperation.swift */ = {isa = PBXFileReference; fileEncoding = 4; lastKnownFileType = sourcecode.swift; path = MigrationOperation.swift; sourceTree = "<group>"; };
		D94B94FE1D597CCA000B76CE /* SudoKeyManager.podspec */ = {isa = PBXFileReference; lastKnownFileType = text; path = SudoKeyManager.podspec; sourceTree = "<group>"; };
		D961CD3329A73A8300D9437F /* String.swift */ = {isa = PBXFileReference; lastKnownFileType = sourcecode.swift; path = String.swift; sourceTree = "<group>"; };
		D98091521D35EBD4003D1D0B /* SudoKeyManager.h */ = {isa = PBXFileReference; lastKnownFileType = sourcecode.c.h; path = SudoKeyManager.h; sourceTree = "<group>"; };
		D98091541D35EBD4003D1D0B /* Info.plist */ = {isa = PBXFileReference; lastKnownFileType = text.plist.xml; path = Info.plist; sourceTree = "<group>"; };
		D98091591D35EBD4003D1D0B /* SudoKeyManagerTests.xctest */ = {isa = PBXFileReference; explicitFileType = wrapper.cfbundle; includeInIndex = 0; path = SudoKeyManagerTests.xctest; sourceTree = BUILT_PRODUCTS_DIR; };
		D98091601D35EBD4003D1D0B /* Info.plist */ = {isa = PBXFileReference; lastKnownFileType = text.plist.xml; path = Info.plist; sourceTree = "<group>"; };
		D98091831D35EC81003D1D0B /* SudoKeyManagerTests.swift */ = {isa = PBXFileReference; fileEncoding = 4; lastKnownFileType = sourcecode.swift; path = SudoKeyManagerTests.swift; sourceTree = "<group>"; };
		D98091861D35EC90003D1D0B /* SudoKeyManager.swift */ = {isa = PBXFileReference; fileEncoding = 4; lastKnownFileType = sourcecode.swift; path = SudoKeyManager.swift; sourceTree = "<group>"; };
		D982F54B1DCAE7D800814D03 /* TestApp.entitlements */ = {isa = PBXFileReference; lastKnownFileType = text.plist.entitlements; path = TestApp.entitlements; sourceTree = "<group>"; };
		D9939DE91D64149800DD3202 /* SecureKeyArchive.swift */ = {isa = PBXFileReference; fileEncoding = 4; lastKnownFileType = sourcecode.swift; path = SecureKeyArchive.swift; sourceTree = "<group>"; };
		D9939DEC1D64153E00DD3202 /* Logger.swift */ = {isa = PBXFileReference; fileEncoding = 4; lastKnownFileType = sourcecode.swift; path = Logger.swift; sourceTree = "<group>"; };
		D9939DEF1D64189500DD3202 /* Dictionary.swift */ = {isa = PBXFileReference; fileEncoding = 4; lastKnownFileType = sourcecode.swift; path = Dictionary.swift; sourceTree = "<group>"; };
		D9939DF01D64189500DD3202 /* Data.swift */ = {isa = PBXFileReference; fileEncoding = 4; lastKnownFileType = sourcecode.swift; path = Data.swift; sourceTree = "<group>"; };
		D9939DF61D64193C00DD3202 /* Array.swift */ = {isa = PBXFileReference; fileEncoding = 4; lastKnownFileType = sourcecode.swift; path = Array.swift; sourceTree = "<group>"; };
		D9939DF91D641AB000DD3202 /* SecureKeyArchiveTests.swift */ = {isa = PBXFileReference; fileEncoding = 4; lastKnownFileType = sourcecode.swift; path = SecureKeyArchiveTests.swift; sourceTree = "<group>"; };
		D9A4E0531DCAC0CA000F9960 /* MigrationTest.swift */ = {isa = PBXFileReference; fileEncoding = 4; lastKnownFileType = sourcecode.swift; path = MigrationTest.swift; sourceTree = "<group>"; };
		D9BDF0FC286D25CF00DD38F5 /* DefaultSudoKeyManager.swift */ = {isa = PBXFileReference; fileEncoding = 4; lastKnownFileType = sourcecode.swift; path = DefaultSudoKeyManager.swift; sourceTree = "<group>"; };
		D9BDF0FE286D310E00DD38F5 /* LegacySudoKeyManager.swift */ = {isa = PBXFileReference; lastKnownFileType = sourcecode.swift; path = LegacySudoKeyManager.swift; sourceTree = "<group>"; };
		D9DB0C202AA6F56200E783FE /* RSA.swift */ = {isa = PBXFileReference; lastKnownFileType = sourcecode.swift; path = RSA.swift; sourceTree = "<group>"; };
/* End PBXFileReference section */

/* Begin PBXFrameworksBuildPhase section */
		D90C60A61DCAE56D00BE37A0 /* Frameworks */ = {
			isa = PBXFrameworksBuildPhase;
			buildActionMask = 2147483647;
			files = (
				E2CAD91F2D36F3E6005E6731 /* SudoKeyManager in Frameworks */,
			);
			runOnlyForDeploymentPostprocessing = 0;
		};
		D98091561D35EBD4003D1D0B /* Frameworks */ = {
			isa = PBXFrameworksBuildPhase;
			buildActionMask = 2147483647;
			files = (
				E2CAD91D2D36F3DB005E6731 /* SudoKeyManager in Frameworks */,
			);
			runOnlyForDeploymentPostprocessing = 0;
		};
/* End PBXFrameworksBuildPhase section */

/* Begin PBXGroup section */
		84A2A5AD22ADE20C00A088D5 /* KeyAttribute */ = {
			isa = PBXGroup;
			children = (
				84A2A5AE22ADE23600A088D5 /* KeyAttributeName.swift */,
				84A2A5B022ADE33500A088D5 /* KeyAttributeValue.swift */,
				84A2A5B922ADE8F500A088D5 /* KeyAttributeSet.swift */,
				84A2A5BD22AE11FF00A088D5 /* KeyAttribute.swift */,
			);
			path = KeyAttribute;
			sourceTree = "<group>";
		};
		84A2A5B622ADE41F00A088D5 /* KeyAttribute */ = {
			isa = PBXGroup;
			children = (
				84A2A5B722ADE43900A088D5 /* KeyAttributeValueTests.swift */,
				84A2A5BB22AE011600A088D5 /* KeyAttributeSetTests.swift */,
			);
			path = KeyAttribute;
			sourceTree = "<group>";
		};
		D90C60AA1DCAE56D00BE37A0 /* TestApp */ = {
			isa = PBXGroup;
			children = (
				D982F54B1DCAE7D800814D03 /* TestApp.entitlements */,
				D90C60AB1DCAE56D00BE37A0 /* AppDelegate.swift */,
				D90C60AD1DCAE56D00BE37A0 /* ViewController.swift */,
				D90C60AF1DCAE56D00BE37A0 /* Main.storyboard */,
				D90C60B21DCAE56D00BE37A0 /* Assets.xcassets */,
				D90C60B41DCAE56D00BE37A0 /* LaunchScreen.storyboard */,
				D90C60B71DCAE56D00BE37A0 /* Info.plist */,
			);
			path = TestApp;
			sourceTree = "<group>";
		};
		D94695211DC81AED00967D17 /* Migration */ = {
			isa = PBXGroup;
			children = (
				D94695221DC81B0C00967D17 /* MigrationManager.swift */,
				D94695251DC81B1E00967D17 /* MigrationOperation.swift */,
			);
			name = Migration;
			sourceTree = "<group>";
		};
		D98091271D35EB61003D1D0B = {
			isa = PBXGroup;
			children = (
				D94B94FE1D597CCA000B76CE /* SudoKeyManager.podspec */,
				D98091331D35EB61003D1D0B /* SudoKeyManager */,
				D980913F1D35EB62003D1D0B /* SudoKeyManagerTests */,
				D98091511D35EBD4003D1D0B /* SudoKeyManager */,
				D980915D1D35EBD4003D1D0B /* SudoKeyManagerTests */,
				D90C60AA1DCAE56D00BE37A0 /* TestApp */,
				D98091321D35EB61003D1D0B /* Products */,
				E2CAD91B2D36F3DB005E6731 /* Frameworks */,
			);
			sourceTree = "<group>";
		};
		D98091321D35EB61003D1D0B /* Products */ = {
			isa = PBXGroup;
			children = (
				D98091591D35EBD4003D1D0B /* SudoKeyManagerTests.xctest */,
				D90C60A91DCAE56D00BE37A0 /* TestApp.app */,
			);
			name = Products;
			sourceTree = "<group>";
		};
		D98091331D35EB61003D1D0B /* SudoKeyManager */ = {
			isa = PBXGroup;
			children = (
				D9DB0C1D2AA6F40F00E783FE /* ASN */,
				84A2A5AD22ADE20C00A088D5 /* KeyAttribute */,
				D94695211DC81AED00967D17 /* Migration */,
				D9939DF51D64189F00DD3202 /* Extensions */,
				D98091861D35EC90003D1D0B /* SudoKeyManager.swift */,
				D9BDF0FC286D25CF00DD38F5 /* DefaultSudoKeyManager.swift */,
				D9939DEC1D64153E00DD3202 /* Logger.swift */,
				D9939DE91D64149800DD3202 /* SecureKeyArchive.swift */,
				D9BDF0FE286D310E00DD38F5 /* LegacySudoKeyManager.swift */,
			);
			path = SudoKeyManager;
			sourceTree = "<group>";
		};
		D980913F1D35EB62003D1D0B /* SudoKeyManagerTests */ = {
			isa = PBXGroup;
			children = (
				84A2A5B622ADE41F00A088D5 /* KeyAttribute */,
				D98091831D35EC81003D1D0B /* SudoKeyManagerTests.swift */,
				D9939DF91D641AB000DD3202 /* SecureKeyArchiveTests.swift */,
				D9A4E0531DCAC0CA000F9960 /* MigrationTest.swift */,
				D9329E3B2AA81AA000810B52 /* ASN1Tests.swift */,
			);
			path = SudoKeyManagerTests;
			sourceTree = "<group>";
		};
		D98091511D35EBD4003D1D0B /* SudoKeyManager */ = {
			isa = PBXGroup;
			children = (
				D98091521D35EBD4003D1D0B /* SudoKeyManager.h */,
				D98091541D35EBD4003D1D0B /* Info.plist */,
			);
			path = SudoKeyManager;
			sourceTree = "<group>";
		};
		D980915D1D35EBD4003D1D0B /* SudoKeyManagerTests */ = {
			isa = PBXGroup;
			children = (
				D98091601D35EBD4003D1D0B /* Info.plist */,
			);
			path = SudoKeyManagerTests;
			sourceTree = "<group>";
		};
		D9939DF51D64189F00DD3202 /* Extensions */ = {
			isa = PBXGroup;
			children = (
				D9939DF61D64193C00DD3202 /* Array.swift */,
				D9939DEF1D64189500DD3202 /* Dictionary.swift */,
				D9939DF01D64189500DD3202 /* Data.swift */,
				D961CD3329A73A8300D9437F /* String.swift */,
			);
			name = Extensions;
			sourceTree = "<group>";
		};
		D9DB0C1D2AA6F40F00E783FE /* ASN */ = {
			isa = PBXGroup;
			children = (
				D9DB0C202AA6F56200E783FE /* RSA.swift */,
			);
			name = ASN;
			sourceTree = "<group>";
		};
		E2CAD91B2D36F3DB005E6731 /* Frameworks */ = {
			isa = PBXGroup;
			children = (
			);
			name = Frameworks;
			sourceTree = "<group>";
		};
/* End PBXGroup section */

/* Begin PBXNativeTarget section */
		D90C60A81DCAE56D00BE37A0 /* TestApp */ = {
			isa = PBXNativeTarget;
			buildConfigurationList = D90C60BA1DCAE56D00BE37A0 /* Build configuration list for PBXNativeTarget "TestApp" */;
			buildPhases = (
				D90C60A51DCAE56D00BE37A0 /* Sources */,
				D90C60A61DCAE56D00BE37A0 /* Frameworks */,
				D90C60A71DCAE56D00BE37A0 /* Resources */,
			);
			buildRules = (
			);
			dependencies = (
			);
			name = TestApp;
			productName = TestApp;
			productReference = D90C60A91DCAE56D00BE37A0 /* TestApp.app */;
			productType = "com.apple.product-type.application";
		};
		D98091581D35EBD4003D1D0B /* SudoKeyManagerTests */ = {
			isa = PBXNativeTarget;
			buildConfigurationList = D98091641D35EBD4003D1D0B /* Build configuration list for PBXNativeTarget "SudoKeyManagerTests" */;
			buildPhases = (
				D98091551D35EBD4003D1D0B /* Sources */,
				D98091561D35EBD4003D1D0B /* Frameworks */,
				D98091571D35EBD4003D1D0B /* Resources */,
			);
			buildRules = (
			);
			dependencies = (
				D90C60BC1DCAE59B00BE37A0 /* PBXTargetDependency */,
			);
			name = SudoKeyManagerTests;
			productName = SudoKeyManagerTests;
			productReference = D98091591D35EBD4003D1D0B /* SudoKeyManagerTests.xctest */;
			productType = "com.apple.product-type.bundle.unit-test";
		};
/* End PBXNativeTarget section */

/* Begin PBXProject section */
		D98091281D35EB61003D1D0B /* Project object */ = {
			isa = PBXProject;
			attributes = {
				LastSwiftUpdateCheck = 0730;
				LastUpgradeCheck = 1340;
				ORGANIZATIONNAME = "Anonyome Labs, Inc";
				TargetAttributes = {
					D90C60A81DCAE56D00BE37A0 = {
						CreatedOnToolsVersion = 7.3.1;
						DevelopmentTeam = UU2W43R8JA;
						LastSwiftMigration = 1020;
						SystemCapabilities = {
							com.apple.Keychain = {
								enabled = 1;
							};
						};
					};
					D98091581D35EBD4003D1D0B = {
						CreatedOnToolsVersion = 7.3.1;
						LastSwiftMigration = 1020;
						TestTargetID = D90C60A81DCAE56D00BE37A0;
					};
				};
			};
			buildConfigurationList = D980912B1D35EB61003D1D0B /* Build configuration list for PBXProject "SudoKeyManager" */;
			compatibilityVersion = "Xcode 3.2";
			developmentRegion = en;
			hasScannedForEncodings = 0;
			knownRegions = (
				en,
				Base,
			);
			mainGroup = D98091271D35EB61003D1D0B;
			productRefGroup = D98091321D35EB61003D1D0B /* Products */;
			projectDirPath = "";
			projectRoot = "";
			targets = (
				D98091581D35EBD4003D1D0B /* SudoKeyManagerTests */,
				D90C60A81DCAE56D00BE37A0 /* TestApp */,
			);
		};
/* End PBXProject section */

/* Begin PBXResourcesBuildPhase section */
		D90C60A71DCAE56D00BE37A0 /* Resources */ = {
			isa = PBXResourcesBuildPhase;
			buildActionMask = 2147483647;
			files = (
				D90C60B61DCAE56D00BE37A0 /* LaunchScreen.storyboard in Resources */,
				D90C60B31DCAE56D00BE37A0 /* Assets.xcassets in Resources */,
				D90C60B11DCAE56D00BE37A0 /* Main.storyboard in Resources */,
			);
			runOnlyForDeploymentPostprocessing = 0;
		};
		D98091571D35EBD4003D1D0B /* Resources */ = {
			isa = PBXResourcesBuildPhase;
			buildActionMask = 2147483647;
			files = (
			);
			runOnlyForDeploymentPostprocessing = 0;
		};
/* End PBXResourcesBuildPhase section */

/* Begin PBXSourcesBuildPhase section */
		D90C60A51DCAE56D00BE37A0 /* Sources */ = {
			isa = PBXSourcesBuildPhase;
			buildActionMask = 2147483647;
			files = (
				D90C60AE1DCAE56D00BE37A0 /* ViewController.swift in Sources */,
				D90C60AC1DCAE56D00BE37A0 /* AppDelegate.swift in Sources */,
			);
			runOnlyForDeploymentPostprocessing = 0;
		};
		D98091551D35EBD4003D1D0B /* Sources */ = {
			isa = PBXSourcesBuildPhase;
			buildActionMask = 2147483647;
			files = (
				84A2A5B822ADE43900A088D5 /* KeyAttributeValueTests.swift in Sources */,
				84A2A5BC22AE011600A088D5 /* KeyAttributeSetTests.swift in Sources */,
				D9329E3C2AA81AA000810B52 /* ASN1Tests.swift in Sources */,
				D98091841D35EC81003D1D0B /* SudoKeyManagerTests.swift in Sources */,
				D9A4E0541DCAC0CA000F9960 /* MigrationTest.swift in Sources */,
				D9939DFD1D641AB700DD3202 /* SecureKeyArchiveTests.swift in Sources */,
			);
			runOnlyForDeploymentPostprocessing = 0;
		};
/* End PBXSourcesBuildPhase section */

/* Begin PBXTargetDependency section */
		D90C60BC1DCAE59B00BE37A0 /* PBXTargetDependency */ = {
			isa = PBXTargetDependency;
			target = D90C60A81DCAE56D00BE37A0 /* TestApp */;
			targetProxy = D90C60BB1DCAE59B00BE37A0 /* PBXContainerItemProxy */;
		};
/* End PBXTargetDependency section */

/* Begin PBXVariantGroup section */
		D90C60AF1DCAE56D00BE37A0 /* Main.storyboard */ = {
			isa = PBXVariantGroup;
			children = (
				D90C60B01DCAE56D00BE37A0 /* Base */,
			);
			name = Main.storyboard;
			sourceTree = "<group>";
		};
		D90C60B41DCAE56D00BE37A0 /* LaunchScreen.storyboard */ = {
			isa = PBXVariantGroup;
			children = (
				D90C60B51DCAE56D00BE37A0 /* Base */,
			);
			name = LaunchScreen.storyboard;
			sourceTree = "<group>";
		};
/* End PBXVariantGroup section */

/* Begin XCBuildConfiguration section */
		D90C60B81DCAE56D00BE37A0 /* Debug */ = {
			isa = XCBuildConfiguration;
			buildSettings = {
				ASSETCATALOG_COMPILER_APPICON_NAME = AppIcon;
				CODE_SIGN_ENTITLEMENTS = TestApp/TestApp.entitlements;
				DEVELOPMENT_TEAM = UU2W43R8JA;
				INFOPLIST_FILE = TestApp/Info.plist;
				IPHONEOS_DEPLOYMENT_TARGET = 15.6;
				LD_RUNPATH_SEARCH_PATHS = (
					"$(inherited)",
					"@executable_path/Frameworks",
				);
				PRODUCT_BUNDLE_IDENTIFIER = com.sudoplatform.TestApp;
				PRODUCT_NAME = "$(TARGET_NAME)";
			};
			name = Debug;
		};
		D90C60B91DCAE56D00BE37A0 /* Release */ = {
			isa = XCBuildConfiguration;
			buildSettings = {
				ASSETCATALOG_COMPILER_APPICON_NAME = AppIcon;
				CODE_SIGN_ENTITLEMENTS = TestApp/TestApp.entitlements;
				DEVELOPMENT_TEAM = UU2W43R8JA;
				INFOPLIST_FILE = TestApp/Info.plist;
				IPHONEOS_DEPLOYMENT_TARGET = 15.6;
				LD_RUNPATH_SEARCH_PATHS = (
					"$(inherited)",
					"@executable_path/Frameworks",
				);
				PRODUCT_BUNDLE_IDENTIFIER = com.sudoplatform.TestApp;
				PRODUCT_NAME = "$(TARGET_NAME)";
			};
			name = Release;
		};
		D98091431D35EB62003D1D0B /* Debug */ = {
			isa = XCBuildConfiguration;
			buildSettings = {
				ALWAYS_SEARCH_USER_PATHS = NO;
				CLANG_ANALYZER_LOCALIZABILITY_NONLOCALIZED = YES;
				CLANG_ANALYZER_NONNULL = YES;
				CLANG_CXX_LANGUAGE_STANDARD = "gnu++0x";
				CLANG_CXX_LIBRARY = "libc++";
				CLANG_ENABLE_MODULES = YES;
				CLANG_ENABLE_OBJC_ARC = YES;
				CLANG_WARN_BLOCK_CAPTURE_AUTORELEASING = YES;
				CLANG_WARN_BOOL_CONVERSION = YES;
				CLANG_WARN_COMMA = YES;
				CLANG_WARN_CONSTANT_CONVERSION = YES;
				CLANG_WARN_DEPRECATED_OBJC_IMPLEMENTATIONS = YES;
				CLANG_WARN_DIRECT_OBJC_ISA_USAGE = YES_ERROR;
				CLANG_WARN_EMPTY_BODY = YES;
				CLANG_WARN_ENUM_CONVERSION = YES;
				CLANG_WARN_INFINITE_RECURSION = YES;
				CLANG_WARN_INT_CONVERSION = YES;
				CLANG_WARN_NON_LITERAL_NULL_CONVERSION = YES;
				CLANG_WARN_OBJC_IMPLICIT_RETAIN_SELF = YES;
				CLANG_WARN_OBJC_LITERAL_CONVERSION = YES;
				CLANG_WARN_OBJC_ROOT_CLASS = YES_ERROR;
				CLANG_WARN_QUOTED_INCLUDE_IN_FRAMEWORK_HEADER = YES;
				CLANG_WARN_RANGE_LOOP_ANALYSIS = YES;
				CLANG_WARN_STRICT_PROTOTYPES = YES;
				CLANG_WARN_SUSPICIOUS_MOVE = YES;
				CLANG_WARN_UNREACHABLE_CODE = YES;
				CLANG_WARN__DUPLICATE_METHOD_MATCH = YES;
				"CODE_SIGN_IDENTITY[sdk=iphoneos*]" = "iPhone Developer";
				COPY_PHASE_STRIP = NO;
				CURRENT_PROJECT_VERSION = 1;
				DEBUG_INFORMATION_FORMAT = dwarf;
				ENABLE_STRICT_OBJC_MSGSEND = YES;
				ENABLE_TESTABILITY = YES;
				GCC_C_LANGUAGE_STANDARD = gnu99;
				GCC_DYNAMIC_NO_PIC = NO;
				GCC_NO_COMMON_BLOCKS = YES;
				GCC_OPTIMIZATION_LEVEL = 0;
				GCC_PREPROCESSOR_DEFINITIONS = (
					"DEBUG=1",
					"$(inherited)",
				);
				GCC_WARN_64_TO_32_BIT_CONVERSION = YES;
				GCC_WARN_ABOUT_RETURN_TYPE = YES_ERROR;
				GCC_WARN_UNDECLARED_SELECTOR = YES;
				GCC_WARN_UNINITIALIZED_AUTOS = YES_AGGRESSIVE;
				GCC_WARN_UNUSED_FUNCTION = YES;
				GCC_WARN_UNUSED_VARIABLE = YES;
				IPHONEOS_DEPLOYMENT_TARGET = 14.0;
				MTL_ENABLE_DEBUG_INFO = YES;
				ONLY_ACTIVE_ARCH = YES;
				SDKROOT = iphoneos;
				SWIFT_OPTIMIZATION_LEVEL = "-Onone";
				SWIFT_VERSION = 5.0;
				TARGETED_DEVICE_FAMILY = "1,2";
				VERSIONING_SYSTEM = "apple-generic";
				VERSION_INFO_PREFIX = "";
			};
			name = Debug;
		};
		D98091441D35EB62003D1D0B /* Release */ = {
			isa = XCBuildConfiguration;
			buildSettings = {
				ALWAYS_SEARCH_USER_PATHS = NO;
				CLANG_ANALYZER_LOCALIZABILITY_NONLOCALIZED = YES;
				CLANG_ANALYZER_NONNULL = YES;
				CLANG_CXX_LANGUAGE_STANDARD = "gnu++0x";
				CLANG_CXX_LIBRARY = "libc++";
				CLANG_ENABLE_MODULES = YES;
				CLANG_ENABLE_OBJC_ARC = YES;
				CLANG_WARN_BLOCK_CAPTURE_AUTORELEASING = YES;
				CLANG_WARN_BOOL_CONVERSION = YES;
				CLANG_WARN_COMMA = YES;
				CLANG_WARN_CONSTANT_CONVERSION = YES;
				CLANG_WARN_DEPRECATED_OBJC_IMPLEMENTATIONS = YES;
				CLANG_WARN_DIRECT_OBJC_ISA_USAGE = YES_ERROR;
				CLANG_WARN_EMPTY_BODY = YES;
				CLANG_WARN_ENUM_CONVERSION = YES;
				CLANG_WARN_INFINITE_RECURSION = YES;
				CLANG_WARN_INT_CONVERSION = YES;
				CLANG_WARN_NON_LITERAL_NULL_CONVERSION = YES;
				CLANG_WARN_OBJC_IMPLICIT_RETAIN_SELF = YES;
				CLANG_WARN_OBJC_LITERAL_CONVERSION = YES;
				CLANG_WARN_OBJC_ROOT_CLASS = YES_ERROR;
				CLANG_WARN_QUOTED_INCLUDE_IN_FRAMEWORK_HEADER = YES;
				CLANG_WARN_RANGE_LOOP_ANALYSIS = YES;
				CLANG_WARN_STRICT_PROTOTYPES = YES;
				CLANG_WARN_SUSPICIOUS_MOVE = YES;
				CLANG_WARN_UNREACHABLE_CODE = YES;
				CLANG_WARN__DUPLICATE_METHOD_MATCH = YES;
				"CODE_SIGN_IDENTITY[sdk=iphoneos*]" = "iPhone Developer";
				COPY_PHASE_STRIP = NO;
				CURRENT_PROJECT_VERSION = 1;
				DEBUG_INFORMATION_FORMAT = "dwarf-with-dsym";
				ENABLE_NS_ASSERTIONS = NO;
				ENABLE_STRICT_OBJC_MSGSEND = YES;
				GCC_C_LANGUAGE_STANDARD = gnu99;
				GCC_NO_COMMON_BLOCKS = YES;
				GCC_WARN_64_TO_32_BIT_CONVERSION = YES;
				GCC_WARN_ABOUT_RETURN_TYPE = YES_ERROR;
				GCC_WARN_UNDECLARED_SELECTOR = YES;
				GCC_WARN_UNINITIALIZED_AUTOS = YES_AGGRESSIVE;
				GCC_WARN_UNUSED_FUNCTION = YES;
				GCC_WARN_UNUSED_VARIABLE = YES;
				IPHONEOS_DEPLOYMENT_TARGET = 14.0;
				MTL_ENABLE_DEBUG_INFO = NO;
				SDKROOT = iphoneos;
				SWIFT_COMPILATION_MODE = wholemodule;
				SWIFT_OPTIMIZATION_LEVEL = "-O";
				SWIFT_VERSION = 5.0;
				TARGETED_DEVICE_FAMILY = "1,2";
				VALIDATE_PRODUCT = YES;
				VERSIONING_SYSTEM = "apple-generic";
				VERSION_INFO_PREFIX = "";
			};
			name = Release;
		};
		D98091651D35EBD4003D1D0B /* Debug */ = {
			isa = XCBuildConfiguration;
			buildSettings = {
				INFOPLIST_FILE = SudoKeyManagerTests/Info.plist;
				IPHONEOS_DEPLOYMENT_TARGET = 15.6;
				LD_RUNPATH_SEARCH_PATHS = (
					"$(inherited)",
					"@executable_path/Frameworks",
					"@loader_path/Frameworks",
				);
				PRODUCT_BUNDLE_IDENTIFIER = com.sudoplatform.SudoKeyManagerTests;
				PRODUCT_NAME = "$(TARGET_NAME)";
				TEST_HOST = "$(BUILT_PRODUCTS_DIR)/TestApp.app/TestApp";
			};
			name = Debug;
		};
		D98091661D35EBD4003D1D0B /* Release */ = {
			isa = XCBuildConfiguration;
			buildSettings = {
				INFOPLIST_FILE = SudoKeyManagerTests/Info.plist;
				IPHONEOS_DEPLOYMENT_TARGET = 15.6;
				LD_RUNPATH_SEARCH_PATHS = (
					"$(inherited)",
					"@executable_path/Frameworks",
					"@loader_path/Frameworks",
				);
				PRODUCT_BUNDLE_IDENTIFIER = com.sudoplatform.SudoKeyManagerTests;
				PRODUCT_NAME = "$(TARGET_NAME)";
				TEST_HOST = "$(BUILT_PRODUCTS_DIR)/TestApp.app/TestApp";
			};
			name = Release;
		};
/* End XCBuildConfiguration section */

/* Begin XCConfigurationList section */
		D90C60BA1DCAE56D00BE37A0 /* Build configuration list for PBXNativeTarget "TestApp" */ = {
			isa = XCConfigurationList;
			buildConfigurations = (
				D90C60B81DCAE56D00BE37A0 /* Debug */,
				D90C60B91DCAE56D00BE37A0 /* Release */,
			);
			defaultConfigurationIsVisible = 0;
			defaultConfigurationName = Release;
		};
		D980912B1D35EB61003D1D0B /* Build configuration list for PBXProject "SudoKeyManager" */ = {
			isa = XCConfigurationList;
			buildConfigurations = (
				D98091431D35EB62003D1D0B /* Debug */,
				D98091441D35EB62003D1D0B /* Release */,
			);
			defaultConfigurationIsVisible = 0;
			defaultConfigurationName = Release;
		};
		D98091641D35EBD4003D1D0B /* Build configuration list for PBXNativeTarget "SudoKeyManagerTests" */ = {
			isa = XCConfigurationList;
			buildConfigurations = (
				D98091651D35EBD4003D1D0B /* Debug */,
				D98091661D35EBD4003D1D0B /* Release */,
			);
			defaultConfigurationIsVisible = 0;
			defaultConfigurationName = Release;
		};
/* End XCConfigurationList section */

/* Begin XCSwiftPackageProductDependency section */
		E2CAD91C2D36F3DB005E6731 /* SudoKeyManager */ = {
			isa = XCSwiftPackageProductDependency;
			productName = SudoKeyManager;
		};
		E2CAD91E2D36F3E6005E6731 /* SudoKeyManager */ = {
			isa = XCSwiftPackageProductDependency;
			productName = SudoKeyManager;
		};
/* End XCSwiftPackageProductDependency section */
	};
	rootObject = D98091281D35EB61003D1D0B /* Project object */;
}
